# This file is autogenerated, do not edit; changes may be undone by the next 'dep ensure'.


[[projects]]
  branch = "master"
  name = "github.com/PagerDuty/go-pagerduty"
  packages = ["."]
  revision = "078a3284fb0ee5256d2164b53b9ed44ff3b3b05e"

[[projects]]
  name = "github.com/Sirupsen/logrus"
  packages = ["."]
  revision = "f006c2ac4710855cf0f916dd6b77acf6b048dc6e"
  version = "v1.0.3"

[[projects]]
  branch = "master"
  name = "github.com/carlescere/scheduler"
  packages = ["."]
  revision = "ee74d2f83d82cd1d2e92ed3ec3dbaf162ca5ece5"

[[projects]]
  name = "github.com/go-redis/redis"
  packages = [".","internal","internal/consistenthash","internal/hashtag","internal/pool","internal/proto"]
  revision = "d0f86971b5d61de9cebd2616b932acb7ba14d957"
  version = "v6.7.3"

[[projects]]
  branch = "master"
  name = "github.com/google/go-querystring"
  packages = ["query"]
  revision = "53e6ce116135b80d037921a7fdd5138cf32d7a8a"

[[projects]]
  name = "github.com/gorilla/context"
  packages = ["."]
  revision = "1ea25387ff6f684839d82767c1733ff4d4d15d0a"
  version = "v1.1"

[[projects]]
  name = "github.com/gorilla/mux"
  packages = ["."]
  revision = "7f08801859139f86dfafd1c296e2cba9a80d292e"
  version = "v1.6.0"

[[projects]]
  name = "github.com/onsi/ginkgo"
  packages = [".","config","internal/codelocation","internal/containernode","internal/failer","internal/leafnodes","internal/remote","internal/spec","internal/spec_iterator","internal/specrunner","internal/suite","internal/testingtproxy","internal/writer","reporters","reporters/stenographer","reporters/stenographer/support/go-colorable","reporters/stenographer/support/go-isatty","types"]
  revision = "9eda700730cba42af70d53180f9dcce9266bc2bc"
  version = "v1.4.0"

[[projects]]
  name = "github.com/onsi/gomega"
  packages = [".","format","internal/assertion","internal/asyncassertion","internal/oraclematcher","internal/testingtsupport","matchers","matchers/support/goraph/bipartitegraph","matchers/support/goraph/edge","matchers/support/goraph/node","matchers/support/goraph/util","types"]
  revision = "c893efa28eb45626cdaa76c9f653b62488858837"
  version = "v1.2.0"

[[projects]]
  name = "github.com/salsita/go-pivotaltracker"
  packages = ["v5/pivotal"]
  revision = "46083f60193ab53b18d2ffe64d298127652b39ac"
  version = "v1.4.0"

[[projects]]
  branch = "master"
  name = "golang.org/x/crypto"
  packages = ["ssh/terminal"]
  revision = "687d4b818545e443c8ba223cbef20b1721afd4db"

[[projects]]
  branch = "master"
  name = "golang.org/x/net"
  packages = ["html","html/atom","html/charset"]
  revision = "a337091b0525af65de94df2eb7e98bd9962dcbe2"

[[projects]]
  branch = "master"
  name = "golang.org/x/sys"
  packages = ["unix","windows"]
  revision = "75813c647272dd855bda156405bf844a5414f5bf"

[[projects]]
  branch = "master"
  name = "golang.org/x/text"
  packages = ["encoding","encoding/charmap","encoding/htmlindex","encoding/internal","encoding/internal/identifier","encoding/japanese","encoding/korean","encoding/simplifiedchinese","encoding/traditionalchinese","encoding/unicode","internal/gen","internal/tag","internal/utf8internal","language","runes","transform","unicode/cldr"]
  revision = "88f656faf3f37f690df1a32515b479415e1a6769"

[[projects]]
  branch = "v1"
  name = "gopkg.in/jarcoal/httpmock.v1"
  packages = ["."]
  revision = "cf52904a3cf0f78f199ecade6a6df8e245d5b25a"

[[projects]]
  branch = "v2"
  name = "gopkg.in/yaml.v2"
  packages = ["."]
  revision = "eb3733d160e74a9c7e442f435eb3bea458e1d19f"

[solve-meta]
  analyzer-name = "dep"
  analyzer-version = 1
  inputs-digest = "3c44606e4dab29566b538e9147bc9b66878c52dc782c1d8b0ce15c34aa11a1f5"
  solver-name = "gps-cdcl"
  solver-version = 1
